{
  "name": "freshctx-openhands",
  "version": "0.1.0",
  "lockfileVersion": 3,
  "requires": true,
  "packages": {
    "": {
      "name": "freshctx-openhands",
      "version": "0.1.0",
      "license": "MIT",
      "dependencies": {
        "freshctx": "file:../.."
      },
      "engines": {
        "node": ">=22"
      }
    },
    "../..": {
      "name": "freshctx",
      "version": "0.1.0",
      "license": "MIT",
      "bin": {
        "freshctx": "bin/freshctx.mjs"
      },
      "engines": {
        "node": ">=22"
      }
    },
    "node_modules/freshctx": {
      "resolved": "../..",
      "link": true
    }
  }
}
